
Microsoft Visual Studio Solution File, Format Version 12.00
# Visual Studio Version 17
VisualStudioVersion = 17.12.35514.174
MinimumVisualStudioVersion = 10.0.40219.1
Project("{FAE04EC0-301F-11D3-BF4B-00C04F79EFBC}") = "PiikkiTracker", "PiikkiTracker.csproj", "{513D0FC9-9EAC-4219-AEB2-E8184A1BE4AF}"
EndProject
Global
	GlobalSection(SolutionConfigurationPlatforms) = preSolution
		Debug|Any CPU = Debug|Any CPU
		Release|Any CPU = Release|Any CPU
	EndGlobalSection
	GlobalSection(ProjectConfigurationPlatforms) = postSolution
		{513D0FC9-9EAC-4219-AEB2-E8184A1BE4AF}.Debug|Any CPU.ActiveCfg = Debug|Any CPU
		{513D0FC9-9EAC-4219-AEB2-E8184A1BE4AF}.Debug|Any CPU.Build.0 = Debug|Any CPU
		{513D0FC9-9EAC-4219-AEB2-E8184A1BE4AF}.Release|Any CPU.ActiveCfg = Release|Any CPU
		{513D0FC9-9EAC-4219-AEB2-E8184A1BE4AF}.Release|Any CPU.Build.0 = Release|Any CPU
	EndGlobalSection
	GlobalSection(SolutionProperties) = preSolution
		HideSolutionNode = FALSE
	EndGlobalSection
EndGlobal
